// !$*UTF8*$!
{
	archiveVersion = 1;
	classes = {
	};
	objectVersion = 46;
	objects = {

/* Begin PBXBuildFile section */
		6DBF3486DB57BAC7276A5D66 /* Pods_RxSwiftDemo.framework in Frameworks */ = {isa = PBXBuildFile; fileRef = 5BAF824E3C2862B727EB14AB /* Pods_RxSwiftDemo.framework */; };
		BF5A90181CFD8946000A821C /* AppDelegate.swift in Sources */ = {isa = PBXBuildFile; fileRef = BF5A90171CFD8946000A821C /* AppDelegate.swift */; };
		BF5A901D1CFD8946000A821C /* Main.storyboard in Resources */ = {isa = PBXBuildFile; fileRef = BF5A901B1CFD8946000A821C /* Main.storyboard */; };
		BF5A901F1CFD8946000A821C /* Assets.xcassets in Resources */ = {isa = PBXBuildFile; fileRef = BF5A901E1CFD8946000A821C /* Assets.xcassets */; };
		BF5A90221CFD8946000A821C /* LaunchScreen.storyboard in Resources */ = {isa = PBXBuildFile; fileRef = BF5A90201CFD8946000A821C /* LaunchScreen.storyboard */; };
		BF5A902D1CFD8946000A821C /* RxSwiftDemoTests.swift in Sources */ = {isa = PBXBuildFile; fileRef = BF5A902C1CFD8946000A821C /* RxSwiftDemoTests.swift */; };
		BF5A90381CFD8946000A821C /* RxSwiftDemoUITests.swift in Sources */ = {isa = PBXBuildFile; fileRef = BF5A90371CFD8946000A821C /* RxSwiftDemoUITests.swift */; };
		BFC98A051D05679E0092FCB6 /* RootVC.swift in Sources */ = {isa = PBXBuildFile; fileRef = BFC98A041D05679E0092FCB6 /* RootVC.swift */; };
		BFC98A081D056B670092FCB6 /* CalculateVC.swift in Sources */ = {isa = PBXBuildFile; fileRef = BFC98A071D056B670092FCB6 /* CalculateVC.swift */; };
		BFC98A0A1D0595700092FCB6 /* CalculateState.swift in Sources */ = {isa = PBXBuildFile; fileRef = BFC98A091D0595700092FCB6 /* CalculateState.swift */; };
		BFC98A0C1D0595800092FCB6 /* CalculateAction.swift in Sources */ = {isa = PBXBuildFile; fileRef = BFC98A0B1D0595800092FCB6 /* CalculateAction.swift */; };
		BFC98A0E1D05958D0092FCB6 /* Operation.swift in Sources */ = {isa = PBXBuildFile; fileRef = BFC98A0D1D05958D0092FCB6 /* Operation.swift */; };
/* End PBXBuildFile section */

/* Begin PBXContainerItemProxy section */
		BF5A90291CFD8946000A821C /* PBXContainerItemProxy */ = {
			isa = PBXContainerItemProxy;
			containerPortal = BF5A900C1CFD8946000A821C /* Project object */;
			proxyType = 1;
			remoteGlobalIDString = BF5A90131CFD8946000A821C;
			remoteInfo = RxSwiftDemo;
		};
		BF5A90341CFD8946000A821C /* PBXContainerItemProxy */ = {
			isa = PBXContainerItemProxy;
			containerPortal = BF5A900C1CFD8946000A821C /* Project object */;
			proxyType = 1;
			remoteGlobalIDString = BF5A90131CFD8946000A821C;
			remoteInfo = RxSwiftDemo;
		};
/* End PBXContainerItemProxy section */

/* Begin PBXFileReference section */
		5BAF824E3C2862B727EB14AB /* Pods_RxSwiftDemo.framework */ = {isa = PBXFileReference; explicitFileType = wrapper.framework; includeInIndex = 0; path = Pods_RxSwiftDemo.framework; sourceTree = BUILT_PRODUCTS_DIR; };
		82A6F7E07063F50E60EC1BFA /* Pods-RxSwiftDemo.release.xcconfig */ = {isa = PBXFileReference; includeInIndex = 1; lastKnownFileType = text.xcconfig; name = "Pods-RxSwiftDemo.release.xcconfig"; path = "Pods/Target Support Files/Pods-RxSwiftDemo/Pods-RxSwiftDemo.release.xcconfig"; sourceTree = "<group>"; };
		BF5A90141CFD8946000A821C /* RxSwiftDemo.app */ = {isa = PBXFileReference; explicitFileType = wrapper.application; includeInIndex = 0; path = RxSwiftDemo.app; sourceTree = BUILT_PRODUCTS_DIR; };
		BF5A90171CFD8946000A821C /* AppDelegate.swift */ = {isa = PBXFileReference; lastKnownFileType = sourcecode.swift; path = AppDelegate.swift; sourceTree = "<group>"; };
		BF5A901C1CFD8946000A821C /* Base */ = {isa = PBXFileReference; lastKnownFileType = file.storyboard; name = Base; path = Base.lproj/Main.storyboard; sourceTree = "<group>"; };
		BF5A901E1CFD8946000A821C /* Assets.xcassets */ = {isa = PBXFileReference; lastKnownFileType = folder.assetcatalog; path = Assets.xcassets; sourceTree = "<group>"; };
		BF5A90211CFD8946000A821C /* Base */ = {isa = PBXFileReference; lastKnownFileType = file.storyboard; name = Base; path = Base.lproj/LaunchScreen.storyboard; sourceTree = "<group>"; };
		BF5A90231CFD8946000A821C /* Info.plist */ = {isa = PBXFileReference; lastKnownFileType = text.plist.xml; path = Info.plist; sourceTree = "<group>"; };
		BF5A90281CFD8946000A821C /* RxSwiftDemoTests.xctest */ = {isa = PBXFileReference; explicitFileType = wrapper.cfbundle; includeInIndex = 0; path = RxSwiftDemoTests.xctest; sourceTree = BUILT_PRODUCTS_DIR; };
		BF5A902C1CFD8946000A821C /* RxSwiftDemoTests.swift */ = {isa = PBXFileReference; lastKnownFileType = sourcecode.swift; path = RxSwiftDemoTests.swift; sourceTree = "<group>"; };
		BF5A902E1CFD8946000A821C /* Info.plist */ = {isa = PBXFileReference; lastKnownFileType = text.plist.xml; path = Info.plist; sourceTree = "<group>"; };
		BF5A90331CFD8946000A821C /* RxSwiftDemoUITests.xctest */ = {isa = PBXFileReference; explicitFileType = wrapper.cfbundle; includeInIndex = 0; path = RxSwiftDemoUITests.xctest; sourceTree = BUILT_PRODUCTS_DIR; };
		BF5A90371CFD8946000A821C /* RxSwiftDemoUITests.swift */ = {isa = PBXFileReference; lastKnownFileType = sourcecode.swift; path = RxSwiftDemoUITests.swift; sourceTree = "<group>"; };
		BF5A90391CFD8947000A821C /* Info.plist */ = {isa = PBXFileReference; lastKnownFileType = text.plist.xml; path = Info.plist; sourceTree = "<group>"; };
		BFC98A041D05679E0092FCB6 /* RootVC.swift */ = {isa = PBXFileReference; fileEncoding = 4; lastKnownFileType = sourcecode.swift; path = RootVC.swift; sourceTree = "<group>"; };
		BFC98A071D056B670092FCB6 /* CalculateVC.swift */ = {isa = PBXFileReference; fileEncoding = 4; lastKnownFileType = sourcecode.swift; path = CalculateVC.swift; sourceTree = "<group>"; };
		BFC98A091D0595700092FCB6 /* CalculateState.swift */ = {isa = PBXFileReference; fileEncoding = 4; lastKnownFileType = sourcecode.swift; path = CalculateState.swift; sourceTree = "<group>"; };
		BFC98A0B1D0595800092FCB6 /* CalculateAction.swift */ = {isa = PBXFileReference; fileEncoding = 4; lastKnownFileType = sourcecode.swift; path = CalculateAction.swift; sourceTree = "<group>"; };
		BFC98A0D1D05958D0092FCB6 /* Operation.swift */ = {isa = PBXFileReference; fileEncoding = 4; lastKnownFileType = sourcecode.swift; path = Operation.swift; sourceTree = "<group>"; };
		FD340303C6BA7D8AC9003743 /* Pods-RxSwiftDemo.debug.xcconfig */ = {isa = PBXFileReference; includeInIndex = 1; lastKnownFileType = text.xcconfig; name = "Pods-RxSwiftDemo.debug.xcconfig"; path = "Pods/Target Support Files/Pods-RxSwiftDemo/Pods-RxSwiftDemo.debug.xcconfig"; sourceTree = "<group>"; };
/* End PBXFileReference section */

/* Begin PBXFrameworksBuildPhase section */
		BF5A90111CFD8946000A821C /* Frameworks */ = {
			isa = PBXFrameworksBuildPhase;
			buildActionMask = 2147483647;
			files = (
				6DBF3486DB57BAC7276A5D66 /* Pods_RxSwiftDemo.framework in Frameworks */,
			);
			runOnlyForDeploymentPostprocessing = 0;
		};
		BF5A90251CFD8946000A821C /* Frameworks */ = {
			isa = PBXFrameworksBuildPhase;
			buildActionMask = 2147483647;
			files = (
			);
			runOnlyForDeploymentPostprocessing = 0;
		};
		BF5A90301CFD8946000A821C /* Frameworks */ = {
			isa = PBXFrameworksBuildPhase;
			buildActionMask = 2147483647;
			files = (
			);
			runOnlyForDeploymentPostprocessing = 0;
		};
/* End PBXFrameworksBuildPhase section */

/* Begin PBXGroup section */
		727950C103FCBA7CC82F38EC /* Frameworks */ = {
			isa = PBXGroup;
			children = (
				5BAF824E3C2862B727EB14AB /* Pods_RxSwiftDemo.framework */,
			);
			name = Frameworks;
			sourceTree = "<group>";
		};
		BF5A900B1CFD8946000A821C = {
			isa = PBXGroup;
			children = (
				BF5A90161CFD8946000A821C /* RxSwiftDemo */,
				BF5A902B1CFD8946000A821C /* RxSwiftDemoTests */,
				BF5A90361CFD8946000A821C /* RxSwiftDemoUITests */,
				BF5A90151CFD8946000A821C /* Products */,
				C5E2FBE7C288DAD93168CE32 /* Pods */,
				727950C103FCBA7CC82F38EC /* Frameworks */,
			);
			sourceTree = "<group>";
		};
		BF5A90151CFD8946000A821C /* Products */ = {
			isa = PBXGroup;
			children = (
				BF5A90141CFD8946000A821C /* RxSwiftDemo.app */,
				BF5A90281CFD8946000A821C /* RxSwiftDemoTests.xctest */,
				BF5A90331CFD8946000A821C /* RxSwiftDemoUITests.xctest */,
			);
			name = Products;
			sourceTree = "<group>";
		};
		BF5A90161CFD8946000A821C /* RxSwiftDemo */ = {
			isa = PBXGroup;
			children = (
				BFC98A061D056B520092FCB6 /* Calculate */,
				BF5A90171CFD8946000A821C /* AppDelegate.swift */,
				BFC98A041D05679E0092FCB6 /* RootVC.swift */,
				BF5A901B1CFD8946000A821C /* Main.storyboard */,
				BF5A901E1CFD8946000A821C /* Assets.xcassets */,
				BF5A90201CFD8946000A821C /* LaunchScreen.storyboard */,
				BF5A90231CFD8946000A821C /* Info.plist */,
			);
			path = RxSwiftDemo;
			sourceTree = "<group>";
		};
		BF5A902B1CFD8946000A821C /* RxSwiftDemoTests */ = {
			isa = PBXGroup;
			children = (
				BF5A902C1CFD8946000A821C /* RxSwiftDemoTests.swift */,
				BF5A902E1CFD8946000A821C /* Info.plist */,
			);
			path = RxSwiftDemoTests;
			sourceTree = "<group>";
		};
		BF5A90361CFD8946000A821C /* RxSwiftDemoUITests */ = {
			isa = PBXGroup;
			children = (
				BF5A90371CFD8946000A821C /* RxSwiftDemoUITests.swift */,
				BF5A90391CFD8947000A821C /* Info.plist */,
			);
			path = RxSwiftDemoUITests;
			sourceTree = "<group>";
		};
		BFC98A061D056B520092FCB6 /* Calculate */ = {
			isa = PBXGroup;
			children = (
				BFC98A071D056B670092FCB6 /* CalculateVC.swift */,
				BFC98A091D0595700092FCB6 /* CalculateState.swift */,
				BFC98A0B1D0595800092FCB6 /* CalculateAction.swift */,
				BFC98A0D1D05958D0092FCB6 /* Operation.swift */,
			);
			name = Calculate;
			sourceTree = "<group>";
		};
		C5E2FBE7C288DAD93168CE32 /* Pods */ = {
			isa = PBXGroup;
			children = (
				FD340303C6BA7D8AC9003743 /* Pods-RxSwiftDemo.debug.xcconfig */,
				82A6F7E07063F50E60EC1BFA /* Pods-RxSwiftDemo.release.xcconfig */,
			);
			name = Pods;
			sourceTree = "<group>";
		};
/* End PBXGroup section */

/* Begin PBXNativeTarget section */
		BF5A90131CFD8946000A821C /* RxSwiftDemo */ = {
			isa = PBXNativeTarget;
			buildConfigurationList = BF5A903C1CFD8947000A821C /* Build configuration list for PBXNativeTarget "RxSwiftDemo" */;
			buildPhases = (
				D85BC3E230F5B81364F900B1 /* 📦 Check Pods Manifest.lock */,
				BF5A90101CFD8946000A821C /* Sources */,
				BF5A90111CFD8946000A821C /* Frameworks */,
				BF5A90121CFD8946000A821C /* Resources */,
				789DC1437F6F511C55158465 /* 📦 Embed Pods Frameworks */,
				58DF71295957F53F06D92572 /* 📦 Copy Pods Resources */,
			);
			buildRules = (
			);
			dependencies = (
			);
			name = RxSwiftDemo;
			productName = RxSwiftDemo;
			productReference = BF5A90141CFD8946000A821C /* RxSwiftDemo.app */;
			productType = "com.apple.product-type.application";
		};
		BF5A90271CFD8946000A821C /* RxSwiftDemoTests */ = {
			isa = PBXNativeTarget;
			buildConfigurationList = BF5A903F1CFD8947000A821C /* Build configuration list for PBXNativeTarget "RxSwiftDemoTests" */;
			buildPhases = (
				BF5A90241CFD8946000A821C /* Sources */,
				BF5A90251CFD8946000A821C /* Frameworks */,
				BF5A90261CFD8946000A821C /* Resources */,
			);
			buildRules = (
			);
			dependencies = (
				BF5A902A1CFD8946000A821C /* PBXTargetDependency */,
			);
			name = RxSwiftDemoTests;
			productName = RxSwiftDemoTests;
			productReference = BF5A90281CFD8946000A821C /* RxSwiftDemoTests.xctest */;
			productType = "com.apple.product-type.bundle.unit-test";
		};
		BF5A90321CFD8946000A821C /* RxSwiftDemoUITests */ = {
			isa = PBXNativeTarget;
			buildConfigurationList = BF5A90421CFD8947000A821C /* Build configuration list for PBXNativeTarget "RxSwiftDemoUITests" */;
			buildPhases = (
				BF5A902F1CFD8946000A821C /* Sources */,
				BF5A90301CFD8946000A821C /* Frameworks */,
				BF5A90311CFD8946000A821C /* Resources */,
			);
			buildRules = (
			);
			dependencies = (
				BF5A90351CFD8946000A821C /* PBXTargetDependency */,
			);
			name = RxSwiftDemoUITests;
			productName = RxSwiftDemoUITests;
			productReference = BF5A90331CFD8946000A821C /* RxSwiftDemoUITests.xctest */;
			productType = "com.apple.product-type.bundle.ui-testing";
		};
/* End PBXNativeTarget section */

/* Begin PBXProject section */
		BF5A900C1CFD8946000A821C /* Project object */ = {
			isa = PBXProject;
			attributes = {
				LastSwiftUpdateCheck = 0730;
				LastUpgradeCheck = 0730;
				ORGANIZATIONNAME = Jimmy;
				TargetAttributes = {
					BF5A90131CFD8946000A821C = {
						CreatedOnToolsVersion = 7.3.1;
						DevelopmentTeam = EJ7PPF7RZJ;
					};
					BF5A90271CFD8946000A821C = {
						CreatedOnToolsVersion = 7.3.1;
						DevelopmentTeam = EJ7PPF7RZJ;
						TestTargetID = BF5A90131CFD8946000A821C;
					};
					BF5A90321CFD8946000A821C = {
						CreatedOnToolsVersion = 7.3.1;
						DevelopmentTeam = EJ7PPF7RZJ;
						TestTargetID = BF5A90131CFD8946000A821C;
					};
				};
			};
			buildConfigurationList = BF5A900F1CFD8946000A821C /* Build configuration list for PBXProject "RxSwiftDemo" */;
			compatibilityVersion = "Xcode 3.2";
			developmentRegion = English;
			hasScannedForEncodings = 0;
			knownRegions = (
				en,
				Base,
			);
			mainGroup = BF5A900B1CFD8946000A821C;
			productRefGroup = BF5A90151CFD8946000A821C /* Products */;
			projectDirPath = "";
			projectRoot = "";
			targets = (
				BF5A90131CFD8946000A821C /* RxSwiftDemo */,
				BF5A90271CFD8946000A821C /* RxSwiftDemoTests */,
				BF5A90321CFD8946000A821C /* RxSwiftDemoUITests */,
			);
		};
/* End PBXProject section */

/* Begin PBXResourcesBuildPhase section */
		BF5A90121CFD8946000A821C /* Resources */ = {
			isa = PBXResourcesBuildPhase;
			buildActionMask = 2147483647;
			files = (
				BF5A90221CFD8946000A821C /* LaunchScreen.storyboard in Resources */,
				BF5A901F1CFD8946000A821C /* Assets.xcassets in Resources */,
				BF5A901D1CFD8946000A821C /* Main.storyboard in Resources */,
			);
			runOnlyForDeploymentPostprocessing = 0;
		};
		BF5A90261CFD8946000A821C /* Resources */ = {
			isa = PBXResourcesBuildPhase;
			buildActionMask = 2147483647;
			files = (
			);
			runOnlyForDeploymentPostprocessing = 0;
		};
		BF5A90311CFD8946000A821C /* Resources */ = {
			isa = PBXResourcesBuildPhase;
			buildActionMask = 2147483647;
			files = (
			);
			runOnlyForDeploymentPostprocessing = 0;
		};
/* End PBXResourcesBuildPhase section */

/* Begin PBXShellScriptBuildPhase section */
		58DF71295957F53F06D92572 /* 📦 Copy Pods Resources */ = {
			isa = PBXShellScriptBuildPhase;
			buildActionMask = 2147483647;
			files = (
			);
			inputPaths = (
			);
			name = "📦 Copy Pods Resources";
			outputPaths = (
			);
			runOnlyForDeploymentPostprocessing = 0;
			shellPath = /bin/sh;
			shellScript = "\"${SRCROOT}/Pods/Target Support Files/Pods-RxSwiftDemo/Pods-RxSwiftDemo-resources.sh\"\n";
			showEnvVarsInLog = 0;
		};
		789DC1437F6F511C55158465 /* 📦 Embed Pods Frameworks */ = {
			isa = PBXShellScriptBuildPhase;
			buildActionMask = 2147483647;
			files = (
			);
			inputPaths = (
			);
			name = "📦 Embed Pods Frameworks";
			outputPaths = (
			);
			runOnlyForDeploymentPostprocessing = 0;
			shellPath = /bin/sh;
			shellScript = "\"${SRCROOT}/Pods/Target Support Files/Pods-RxSwiftDemo/Pods-RxSwiftDemo-frameworks.sh\"\n";
			showEnvVarsInLog = 0;
		};
		D85BC3E230F5B81364F900B1 /* 📦 Check Pods Manifest.lock */ = {
			isa = PBXShellScriptBuildPhase;
			buildActionMask = 2147483647;
			files = (
			);
			inputPaths = (
			);
			name = "📦 Check Pods Manifest.lock";
			outputPaths = (
			);
			runOnlyForDeploymentPostprocessing = 0;
			shellPath = /bin/sh;
			shellScript = "diff \"${PODS_ROOT}/../Podfile.lock\" \"${PODS_ROOT}/Manifest.lock\" > /dev/null\nif [[ $? != 0 ]] ; then\n    cat << EOM\nerror: The sandbox is not in sync with the Podfile.lock. Run 'pod install' or update your CocoaPods installation.\nEOM\n    exit 1\nfi\n";
			showEnvVarsInLog = 0;
		};
/* End PBXShellScriptBuildPhase section */

/* Begin PBXSourcesBuildPhase section */
		BF5A90101CFD8946000A821C /* Sources */ = {
			isa = PBXSourcesBuildPhase;
			buildActionMask = 2147483647;
			files = (
				BFC98A051D05679E0092FCB6 /* RootVC.swift in Sources */,
				BFC98A0C1D0595800092FCB6 /* CalculateAction.swift in Sources */,
				BFC98A081D056B670092FCB6 /* CalculateVC.swift in Sources */,
				BFC98A0A1D0595700092FCB6 /* CalculateState.swift in Sources */,
				BF5A90181CFD8946000A821C /* AppDelegate.swift in Sources */,
				BFC98A0E1D05958D0092FCB6 /* Operation.swift in Sources */,
			);
			runOnlyForDeploymentPostprocessing = 0;
		};
		BF5A90241CFD8946000A821C /* Sources */ = {
			isa = PBXSourcesBuildPhase;
			buildActionMask = 2147483647;
			files = (
				BF5A902D1CFD8946000A821C /* RxSwiftDemoTests.swift in Sources */,
			);
			runOnlyForDeploymentPostprocessing = 0;
		};
		BF5A902F1CFD8946000A821C /* Sources */ = {
			isa = PBXSourcesBuildPhase;
			buildActionMask = 2147483647;
			files = (
				BF5A90381CFD8946000A821C /* RxSwiftDemoUITests.swift in Sources */,
			);
			runOnlyForDeploymentPostprocessing = 0;
		};
/* End PBXSourcesBuildPhase section */

/* Begin PBXTargetDependency section */
		BF5A902A1CFD8946000A821C /* PBXTargetDependency */ = {
			isa = PBXTargetDependency;
			target = BF5A90131CFD8946000A821C /* RxSwiftDemo */;
			targetProxy = BF5A90291CFD8946000A821C /* PBXContainerItemProxy */;
		};
		BF5A90351CFD8946000A821C /* PBXTargetDependency */ = {
			isa = PBXTargetDependency;
			target = BF5A90131CFD8946000A821C /* RxSwiftDemo */;
			targetProxy = BF5A90341CFD8946000A821C /* PBXContainerItemProxy */;
		};
/* End PBXTargetDependency section */

/* Begin PBXVariantGroup section */
		BF5A901B1CFD8946000A821C /* Main.storyboard */ = {
			isa = PBXVariantGroup;
			children = (
				BF5A901C1CFD8946000A821C /* Base */,
			);
			name = Main.storyboard;
			sourceTree = "<group>";
		};
		BF5A90201CFD8946000A821C /* LaunchScreen.storyboard */ = {
			isa = PBXVariantGroup;
			children = (
				BF5A90211CFD8946000A821C /* Base */,
			);
			name = LaunchScreen.storyboard;
			sourceTree = "<group>";
		};
/* End PBXVariantGroup section */

/* Begin XCBuildConfiguration section */
		BF5A903A1CFD8947000A821C /* Debug */ = {
			isa = XCBuildConfiguration;
			buildSettings = {
				ALWAYS_SEARCH_USER_PATHS = NO;
				CLANG_ANALYZER_NONNULL = YES;
				CLANG_CXX_LANGUAGE_STANDARD = "gnu++0x";
				CLANG_CXX_LIBRARY = "libc++";
				CLANG_ENABLE_MODULES = YES;
				CLANG_ENABLE_OBJC_ARC = YES;
				CLANG_WARN_BOOL_CONVERSION = YES;
				CLANG_WARN_CONSTANT_CONVERSION = YES;
				CLANG_WARN_DIRECT_OBJC_ISA_USAGE = YES_ERROR;
				CLANG_WARN_EMPTY_BODY = YES;
				CLANG_WARN_ENUM_CONVERSION = YES;
				CLANG_WARN_INT_CONVERSION = YES;
				CLANG_WARN_OBJC_ROOT_CLASS = YES_ERROR;
				CLANG_WARN_UNREACHABLE_CODE = YES;
				CLANG_WARN__DUPLICATE_METHOD_MATCH = YES;
				"CODE_SIGN_IDENTITY[sdk=iphoneos*]" = "iPhone Developer";
				COPY_PHASE_STRIP = NO;
				DEBUG_INFORMATION_FORMAT = dwarf;
				ENABLE_STRICT_OBJC_MSGSEND = YES;
				ENABLE_TESTABILITY = YES;
				GCC_C_LANGUAGE_STANDARD = gnu99;
				GCC_DYNAMIC_NO_PIC = NO;
				GCC_NO_COMMON_BLOCKS = YES;
				GCC_OPTIMIZATION_LEVEL = 0;
				GCC_PREPROCESSOR_DEFINITIONS = (
					"DEBUG=1",
					"$(inherited)",
				);
				GCC_WARN_64_TO_32_BIT_CONVERSION = YES;
				GCC_WARN_ABOUT_RETURN_TYPE = YES_ERROR;
				GCC_WARN_UNDECLARED_SELECTOR = YES;
				GCC_WARN_UNINITIALIZED_AUTOS = YES_AGGRESSIVE;
				GCC_WARN_UNUSED_FUNCTION = YES;
				GCC_WARN_UNUSED_VARIABLE = YES;
				IPHONEOS_DEPLOYMENT_TARGET = 9.3;
				MTL_ENABLE_DEBUG_INFO = YES;
				ONLY_ACTIVE_ARCH = YES;
				SDKROOT = iphoneos;
				SWIFT_OPTIMIZATION_LEVEL = "-Onone";
			};
			name = Debug;
		};
		BF5A903B1CFD8947000A821C /* Release */ = {
			isa = XCBuildConfiguration;
			buildSettings = {
				ALWAYS_SEARCH_USER_PATHS = NO;
				CLANG_ANALYZER_NONNULL = YES;
				CLANG_CXX_LANGUAGE_STANDARD = "gnu++0x";
				CLANG_CXX_LIBRARY = "libc++";
				CLANG_ENABLE_MODULES = YES;
				CLANG_ENABLE_OBJC_ARC = YES;
				CLANG_WARN_BOOL_CONVERSION = YES;
				CLANG_WARN_CONSTANT_CONVERSION = YES;
				CLANG_WARN_DIRECT_OBJC_ISA_USAGE = YES_ERROR;
				CLANG_WARN_EMPTY_BODY = YES;
				CLANG_WARN_ENUM_CONVERSION = YES;
				CLANG_WARN_INT_CONVERSION = YES;
				CLANG_WARN_OBJC_ROOT_CLASS = YES_ERROR;
				CLANG_WARN_UNREACHABLE_CODE = YES;
				CLANG_WARN__DUPLICATE_METHOD_MATCH = YES;
				"CODE_SIGN_IDENTITY[sdk=iphoneos*]" = "iPhone Developer";
				COPY_PHASE_STRIP = NO;
				DEBUG_INFORMATION_FORMAT = "dwarf-with-dsym";
				ENABLE_NS_ASSERTIONS = NO;
				ENABLE_STRICT_OBJC_MSGSEND = YES;
				GCC_C_LANGUAGE_STANDARD = gnu99;
				GCC_NO_COMMON_BLOCKS = YES;
				GCC_WARN_64_TO_32_BIT_CONVERSION = YES;
				GCC_WARN_ABOUT_RETURN_TYPE = YES_ERROR;
				GCC_WARN_UNDECLARED_SELECTOR = YES;
				GCC_WARN_UNINITIALIZED_AUTOS = YES_AGGRESSIVE;
				GCC_WARN_UNUSED_FUNCTION = YES;
				GCC_WARN_UNUSED_VARIABLE = YES;
				IPHONEOS_DEPLOYMENT_TARGET = 9.3;
				MTL_ENABLE_DEBUG_INFO = NO;
				SDKROOT = iphoneos;
				VALIDATE_PRODUCT = YES;
			};
			name = Release;
		};
		BF5A903D1CFD8947000A821C /* Debug */ = {
			isa = XCBuildConfiguration;
			baseConfigurationReference = FD340303C6BA7D8AC9003743 /* Pods-RxSwiftDemo.debug.xcconfig */;
			buildSettings = {
				ASSETCATALOG_COMPILER_APPICON_NAME = AppIcon;
				INFOPLIST_FILE = RxSwiftDemo/Info.plist;
				LD_RUNPATH_SEARCH_PATHS = "$(inherited) @executable_path/Frameworks";
				PRODUCT_BUNDLE_IDENTIFIER = com.airactart.RxSwiftDemo;
				PRODUCT_NAME = "$(TARGET_NAME)";
			};
			name = Debug;
		};
		BF5A903E1CFD8947000A821C /* Release */ = {
			isa = XCBuildConfiguration;
			baseConfigurationReference = 82A6F7E07063F50E60EC1BFA /* Pods-RxSwiftDemo.release.xcconfig */;
			buildSettings = {
				ASSETCATALOG_COMPILER_APPICON_NAME = AppIcon;
				INFOPLIST_FILE = RxSwiftDemo/Info.plist;
				LD_RUNPATH_SEARCH_PATHS = "$(inherited) @executable_path/Frameworks";
				PRODUCT_BUNDLE_IDENTIFIER = com.airactart.RxSwiftDemo;
				PRODUCT_NAME = "$(TARGET_NAME)";
			};
			name = Release;
		};
		BF5A90401CFD8947000A821C /* Debug */ = {
			isa = XCBuildConfiguration;
			buildSettings = {
				BUNDLE_LOADER = "$(TEST_HOST)";
				INFOPLIST_FILE = RxSwiftDemoTests/Info.plist;
				LD_RUNPATH_SEARCH_PATHS = "$(inherited) @executable_path/Frameworks @loader_path/Frameworks";
				PRODUCT_BUNDLE_IDENTIFIER = com.airactart.RxSwiftDemoTests;
				PRODUCT_NAME = "$(TARGET_NAME)";
				TEST_HOST = "$(BUILT_PRODUCTS_DIR)/RxSwiftDemo.app/RxSwiftDemo";
			};
			name = Debug;
		};
		BF5A90411CFD8947000A821C /* Release */ = {
			isa = XCBuildConfiguration;
			buildSettings = {
				BUNDLE_LOADER = "$(TEST_HOST)";
				INFOPLIST_FILE = RxSwiftDemoTests/Info.plist;
				LD_RUNPATH_SEARCH_PATHS = "$(inherited) @executable_path/Frameworks @loader_path/Frameworks";
				PRODUCT_BUNDLE_IDENTIFIER = com.airactart.RxSwiftDemoTests;
				PRODUCT_NAME = "$(TARGET_NAME)";
				TEST_HOST = "$(BUILT_PRODUCTS_DIR)/RxSwiftDemo.app/RxSwiftDemo";
			};
			name = Release;
		};
		BF5A90431CFD8947000A821C /* Debug */ = {
			isa = XCBuildConfiguration;
			buildSettings = {
				INFOPLIST_FILE = RxSwiftDemoUITests/Info.plist;
				LD_RUNPATH_SEARCH_PATHS = "$(inherited) @executable_path/Frameworks @loader_path/Frameworks";
				PRODUCT_BUNDLE_IDENTIFIER = com.airactart.RxSwiftDemoUITests;
				PRODUCT_NAME = "$(TARGET_NAME)";
				TEST_TARGET_NAME = RxSwiftDemo;
			};
			name = Debug;
		};
		BF5A90441CFD8947000A821C /* Release */ = {
			isa = XCBuildConfiguration;
			buildSettings = {
				INFOPLIST_FILE = RxSwiftDemoUITests/Info.plist;
				LD_RUNPATH_SEARCH_PATHS = "$(inherited) @executable_path/Frameworks @loader_path/Frameworks";
				PRODUCT_BUNDLE_IDENTIFIER = com.airactart.RxSwiftDemoUITests;
				PRODUCT_NAME = "$(TARGET_NAME)";
				TEST_TARGET_NAME = RxSwiftDemo;
			};
			name = Release;
		};
/* End XCBuildConfiguration section */

/* Begin XCConfigurationList section */
		BF5A900F1CFD8946000A821C /* Build configuration list for PBXProject "RxSwiftDemo" */ = {
			isa = XCConfigurationList;
			buildConfigurations = (
				BF5A903A1CFD8947000A821C /* Debug */,
				BF5A903B1CFD8947000A821C /* Release */,
			);
			defaultConfigurationIsVisible = 0;
			defaultConfigurationName = Release;
		};
		BF5A903C1CFD8947000A821C /* Build configuration list for PBXNativeTarget "RxSwiftDemo" */ = {
			isa = XCConfigurationList;
			buildConfigurations = (
				BF5A903D1CFD8947000A821C /* Debug */,
				BF5A903E1CFD8947000A821C /* Release */,
			);
			defaultConfigurationIsVisible = 0;
			defaultConfigurationName = Release;
		};
		BF5A903F1CFD8947000A821C /* Build configuration list for PBXNativeTarget "RxSwiftDemoTests" */ = {
			isa = XCConfigurationList;
			buildConfigurations = (
				BF5A90401CFD8947000A821C /* Debug */,
				BF5A90411CFD8947000A821C /* Release */,
			);
			defaultConfigurationIsVisible = 0;
			defaultConfigurationName = Release;
		};
		BF5A90421CFD8947000A821C /* Build configuration list for PBXNativeTarget "RxSwiftDemoUITests" */ = {
			isa = XCConfigurationList;
			buildConfigurations = (
				BF5A90431CFD8947000A821C /* Debug */,
				BF5A90441CFD8947000A821C /* Release */,
			);
			defaultConfigurationIsVisible = 0;
			defaultConfigurationName = Release;
		};
/* End XCConfigurationList section */
	};
	rootObject = BF5A900C1CFD8946000A821C /* Project object */;
}
